// !$*UTF8*$!
{
	archiveVersion = 1;
	classes = {
	};
	objectVersion = 55;
	objects = {

/* Begin PBXBuildFile section */
		0B9A48D4292DAE5A00F65C33 /* Module_5App.swift in Sources */ = {isa = PBXBuildFile; fileRef = 0B9A48D3292DAE5A00F65C33 /* Module_5App.swift */; };
		0B9A48D8292DAE5A00F65C33 /* Assets.xcassets in Resources */ = {isa = PBXBuildFile; fileRef = 0B9A48D7292DAE5A00F65C33 /* Assets.xcassets */; };
		0B9A48DB292DAE5A00F65C33 /* Preview Assets.xcassets in Resources */ = {isa = PBXBuildFile; fileRef = 0B9A48DA292DAE5A00F65C33 /* Preview Assets.xcassets */; };
		0B9A48E329315E1700F65C33 /* listView.swift in Sources */ = {isa = PBXBuildFile; fileRef = 0B9A48E229315E1700F65C33 /* listView.swift */; };
		0B9A48E5293160AE00F65C33 /* listRowView.swift in Sources */ = {isa = PBXBuildFile; fileRef = 0B9A48E4293160AE00F65C33 /* listRowView.swift */; };
		0B9A48E729317D4900F65C33 /* addView.swift in Sources */ = {isa = PBXBuildFile; fileRef = 0B9A48E629317D4900F65C33 /* addView.swift */; };
		0B9A48EA2931A72C00F65C33 /* itemModel.swift in Sources */ = {isa = PBXBuildFile; fileRef = 0B9A48E92931A72C00F65C33 /* itemModel.swift */; };
		0B9A48ED2931B28D00F65C33 /* ListViewModel.swift in Sources */ = {isa = PBXBuildFile; fileRef = 0B9A48EC2931B28D00F65C33 /* ListViewModel.swift */; };
/* End PBXBuildFile section */

/* Begin PBXFileReference section */
		0B9A48D0292DAE5A00F65C33 /* Module_5.app */ = {isa = PBXFileReference; explicitFileType = wrapper.application; includeInIndex = 0; path = Module_5.app; sourceTree = BUILT_PRODUCTS_DIR; };
		0B9A48D3292DAE5A00F65C33 /* Module_5App.swift */ = {isa = PBXFileReference; lastKnownFileType = sourcecode.swift; path = Module_5App.swift; sourceTree = "<group>"; };
		0B9A48D7292DAE5A00F65C33 /* Assets.xcassets */ = {isa = PBXFileReference; lastKnownFileType = folder.assetcatalog; path = Assets.xcassets; sourceTree = "<group>"; };
		0B9A48DA292DAE5A00F65C33 /* Preview Assets.xcassets */ = {isa = PBXFileReference; lastKnownFileType = folder.assetcatalog; path = "Preview Assets.xcassets"; sourceTree = "<group>"; };
		0B9A48E229315E1700F65C33 /* listView.swift */ = {isa = PBXFileReference; lastKnownFileType = sourcecode.swift; path = listView.swift; sourceTree = "<group>"; };
		0B9A48E4293160AE00F65C33 /* listRowView.swift */ = {isa = PBXFileReference; lastKnownFileType = sourcecode.swift; path = listRowView.swift; sourceTree = "<group>"; };
		0B9A48E629317D4900F65C33 /* addView.swift */ = {isa = PBXFileReference; lastKnownFileType = sourcecode.swift; path = addView.swift; sourceTree = "<group>"; };
		0B9A48E92931A72C00F65C33 /* itemModel.swift */ = {isa = PBXFileReference; lastKnownFileType = sourcecode.swift; path = itemModel.swift; sourceTree = "<group>"; };
		0B9A48EC2931B28D00F65C33 /* ListViewModel.swift */ = {isa = PBXFileReference; lastKnownFileType = sourcecode.swift; path = ListViewModel.swift; sourceTree = "<group>"; };
/* End PBXFileReference section */

/* Begin PBXFrameworksBuildPhase section */
		0B9A48CD292DAE5A00F65C33 /* Frameworks */ = {
			isa = PBXFrameworksBuildPhase;
			buildActionMask = 2147483647;
			files = (
			);
			runOnlyForDeploymentPostprocessing = 0;
		};
/* End PBXFrameworksBuildPhase section */

/* Begin PBXGroup section */
		0B9A48C7292DAE5A00F65C33 = {
			isa = PBXGroup;
			children = (
				0B9A48D2292DAE5A00F65C33 /* Module_5 */,
				0B9A48D1292DAE5A00F65C33 /* Products */,
			);
			sourceTree = "<group>";
		};
		0B9A48D1292DAE5A00F65C33 /* Products */ = {
			isa = PBXGroup;
			children = (
				0B9A48D0292DAE5A00F65C33 /* Module_5.app */,
			);
			name = Products;
			sourceTree = "<group>";
		};
		0B9A48D2292DAE5A00F65C33 /* Module_5 */ = {
			isa = PBXGroup;
			children = (
				0B9A48EB2931B27700F65C33 /* ViewModels */,
				0B9A48E82931A71300F65C33 /* Models */,
				0B9A48E129315DD900F65C33 /* views */,
				0B9A48D3292DAE5A00F65C33 /* Module_5App.swift */,
				0B9A48D7292DAE5A00F65C33 /* Assets.xcassets */,
				0B9A48D9292DAE5A00F65C33 /* Preview Content */,
			);
			path = Module_5;
			sourceTree = "<group>";
		};
		0B9A48D9292DAE5A00F65C33 /* Preview Content */ = {
			isa = PBXGroup;
			children = (
				0B9A48DA292DAE5A00F65C33 /* Preview Assets.xcassets */,
			);
			path = "Preview Content";
			sourceTree = "<group>";
		};
		0B9A48E129315DD900F65C33 /* views */ = {
			isa = PBXGroup;
			children = (
				0B9A48E229315E1700F65C33 /* listView.swift */,
				0B9A48E4293160AE00F65C33 /* listRowView.swift */,
				0B9A48E629317D4900F65C33 /* addView.swift */,
			);
			path = views;
			sourceTree = "<group>";
		};
		0B9A48E82931A71300F65C33 /* Models */ = {
			isa = PBXGroup;
			children = (
				0B9A48E92931A72C00F65C33 /* itemModel.swift */,
			);
			path = Models;
			sourceTree = "<group>";
		};
		0B9A48EB2931B27700F65C33 /* ViewModels */ = {
			isa = PBXGroup;
			children = (
				0B9A48EC2931B28D00F65C33 /* ListViewModel.swift */,
			);
			path = ViewModels;
			sourceTree = "<group>";
		};
/* End PBXGroup section */

/* Begin PBXNativeTarget section */
		0B9A48CF292DAE5A00F65C33 /* Module_5 */ = {
			isa = PBXNativeTarget;
			buildConfigurationList = 0B9A48DE292DAE5A00F65C33 /* Build configuration list for PBXNativeTarget "Module_5" */;
			buildPhases = (
				0B9A48CC292DAE5A00F65C33 /* Sources */,
				0B9A48CD292DAE5A00F65C33 /* Frameworks */,
				0B9A48CE292DAE5A00F65C33 /* Resources */,
			);
			buildRules = (
			);
			dependencies = (
			);
			name = Module_5;
			productName = Module_5;
			productReference = 0B9A48D0292DAE5A00F65C33 /* Module_5.app */;
			productType = "com.apple.product-type.application";
		};
/* End PBXNativeTarget section */

/* Begin PBXProject section */
		0B9A48C8292DAE5A00F65C33 /* Project object */ = {
			isa = PBXProject;
			attributes = {
				BuildIndependentTargetsInParallel = 1;
				LastSwiftUpdateCheck = 1330;
				LastUpgradeCheck = 1330;
				TargetAttributes = {
					0B9A48CF292DAE5A00F65C33 = {
						CreatedOnToolsVersion = 13.3;
					};
				};
			};
			buildConfigurationList = 0B9A48CB292DAE5A00F65C33 /* Build configuration list for PBXProject "Module_5" */;
			compatibilityVersion = "Xcode 13.0";
			developmentRegion = en;
			hasScannedForEncodings = 0;
			knownRegions = (
				en,
				Base,
			);
			mainGroup = 0B9A48C7292DAE5A00F65C33;
			productRefGroup = 0B9A48D1292DAE5A00F65C33 /* Products */;
			projectDirPath = "";
			projectRoot = "";
			targets = (
				0B9A48CF292DAE5A00F65C33 /* Module_5 */,
			);
		};
/* End PBXProject section */

/* Begin PBXResourcesBuildPhase section */
		0B9A48CE292DAE5A00F65C33 /* Resources */ = {
			isa = PBXResourcesBuildPhase;
			buildActionMask = 2147483647;
			files = (
				0B9A48DB292DAE5A00F65C33 /* Preview Assets.xcassets in Resources */,
				0B9A48D8292DAE5A00F65C33 /* Assets.xcassets in Resources */,
			);
			runOnlyForDeploymentPostprocessing = 0;
		};
/* End PBXResourcesBuildPhase section */

/* Begin PBXSourcesBuildPhase section */
		0B9A48CC292DAE5A00F65C33 /* Sources */ = {
			isa = PBXSourcesBuildPhase;
			buildActionMask = 2147483647;
			files = (
				0B9A48E729317D4900F65C33 /* addView.swift in Sources */,
				0B9A48E5293160AE00F65C33 /* listRowView.swift in Sources */,
				0B9A48ED2931B28D00F65C33 /* ListViewModel.swift in Sources */,
				0B9A48E329315E1700F65C33 /* listView.swift in Sources */,
				0B9A48EA2931A72C00F65C33 /* itemModel.swift in Sources */,
				0B9A48D4292DAE5A00F65C33 /* Module_5App.swift in Sources */,
			);
			runOnlyForDeploymentPostprocessing = 0;
		};
/* End PBXSourcesBuildPhase section */

/* Begin XCBuildConfiguration section */
		0B9A48DC292DAE5A00F65C33 /* Debug */ = {
			isa = XCBuildConfiguration;
			buildSettings = {
				ALWAYS_SEARCH_USER_PATHS = NO;
				CLANG_ANALYZER_NONNULL = YES;
				CLANG_ANALYZER_NUMBER_OBJECT_CONVERSION = YES_AGGRESSIVE;
				CLANG_CXX_LANGUAGE_STANDARD = "gnu++17";
				CLANG_ENABLE_MODULES = YES;
				CLANG_ENABLE_OBJC_ARC = YES;
				CLANG_ENABLE_OBJC_WEAK = YES;
				CLANG_WARN_BLOCK_CAPTURE_AUTORELEASING = YES;
				CLANG_WARN_BOOL_CONVERSION = YES;
				CLANG_WARN_COMMA = YES;
				CLANG_WARN_CONSTANT_CONVERSION = YES;
				CLANG_WARN_DEPRECATED_OBJC_IMPLEMENTATIONS = YES;
				CLANG_WARN_DIRECT_OBJC_ISA_USAGE = YES_ERROR;
				CLANG_WARN_DOCUMENTATION_COMMENTS = YES;
				CLANG_WARN_EMPTY_BODY = YES;
				CLANG_WARN_ENUM_CONVERSION = YES;
				CLANG_WARN_INFINITE_RECURSION = YES;
				CLANG_WARN_INT_CONVERSION = YES;
				CLANG_WARN_NON_LITERAL_NULL_CONVERSION = YES;
				CLANG_WARN_OBJC_IMPLICIT_RETAIN_SELF = YES;
				CLANG_WARN_OBJC_LITERAL_CONVERSION = YES;
				CLANG_WARN_OBJC_ROOT_CLASS = YES_ERROR;
				CLANG_WARN_QUOTED_INCLUDE_IN_FRAMEWORK_HEADER = YES;
				CLANG_WARN_RANGE_LOOP_ANALYSIS = YES;
				CLANG_WARN_STRICT_PROTOTYPES = YES;
				CLANG_WARN_SUSPICIOUS_MOVE = YES;
				CLANG_WARN_UNGUARDED_AVAILABILITY = YES_AGGRESSIVE;
				CLANG_WARN_UNREACHABLE_CODE = YES;
				CLANG_WARN__DUPLICATE_METHOD_MATCH = YES;
				COPY_PHASE_STRIP = NO;
				DEBUG_INFORMATION_FORMAT = dwarf;
				ENABLE_STRICT_OBJC_MSGSEND = YES;
				ENABLE_TESTABILITY = YES;
				GCC_C_LANGUAGE_STANDARD = gnu11;
				GCC_DYNAMIC_NO_PIC = NO;
				GCC_NO_COMMON_BLOCKS = YES;
				GCC_OPTIMIZATION_LEVEL = 0;
				GCC_PREPROCESSOR_DEFINITIONS = (
					"DEBUG=1",
					"$(inherited)",
				);
				GCC_WARN_64_TO_32_BIT_CONVERSION = YES;
				GCC_WARN_ABOUT_RETURN_TYPE = YES_ERROR;
				GCC_WARN_UNDECLARED_SELECTOR = YES;
				GCC_WARN_UNINITIALIZED_AUTOS = YES_AGGRESSIVE;
				GCC_WARN_UNUSED_FUNCTION = YES;
				GCC_WARN_UNUSED_VARIABLE = YES;
				IPHONEOS_DEPLOYMENT_TARGET = 15.4;
				MTL_ENABLE_DEBUG_INFO = INCLUDE_SOURCE;
				MTL_FAST_MATH = YES;
				ONLY_ACTIVE_ARCH = YES;
				SDKROOT = iphoneos;
				SWIFT_ACTIVE_COMPILATION_CONDITIONS = DEBUG;
				SWIFT_OPTIMIZATION_LEVEL = "-Onone";
			};
			name = Debug;
		};
		0B9A48DD292DAE5A00F65C33 /* Release */ = {
			isa = XCBuildConfiguration;
			buildSettings = {
				ALWAYS_SEARCH_USER_PATHS = NO;
				CLANG_ANALYZER_NONNULL = YES;
				CLANG_ANALYZER_NUMBER_OBJECT_CONVERSION = YES_AGGRESSIVE;
				CLANG_CXX_LANGUAGE_STANDARD = "gnu++17";
				CLANG_ENABLE_MODULES = YES;
				CLANG_ENABLE_OBJC_ARC = YES;
				CLANG_ENABLE_OBJC_WEAK = YES;
				CLANG_WARN_BLOCK_CAPTURE_AUTORELEASING = YES;
				CLANG_WARN_BOOL_CONVERSION = YES;
				CLANG_WARN_COMMA = YES;
				CLANG_WARN_CONSTANT_CONVERSION = YES;
				CLANG_WARN_DEPRECATED_OBJC_IMPLEMENTATIONS = YES;
				CLANG_WARN_DIRECT_OBJC_ISA_USAGE = YES_ERROR;
				CLANG_WARN_DOCUMENTATION_COMMENTS = YES;
				CLANG_WARN_EMPTY_BODY = YES;
				CLANG_WARN_ENUM_CONVERSION = YES;
				CLANG_WARN_INFINITE_RECURSION = YES;
				CLANG_WARN_INT_CONVERSION = YES;
				CLANG_WARN_NON_LITERAL_NULL_CONVERSION = YES;
				CLANG_WARN_OBJC_IMPLICIT_RETAIN_SELF = YES;
				CLANG_WARN_OBJC_LITERAL_CONVERSION = YES;
				CLANG_WARN_OBJC_ROOT_CLASS = YES_ERROR;
				CLANG_WARN_QUOTED_INCLUDE_IN_FRAMEWORK_HEADER = YES;
				CLANG_WARN_RANGE_LOOP_ANALYSIS = YES;
				CLANG_WARN_STRICT_PROTOTYPES = YES;
				CLANG_WARN_SUSPICIOUS_MOVE = YES;
				CLANG_WARN_UNGUARDED_AVAILABILITY = YES_AGGRESSIVE;
				CLANG_WARN_UNREACHABLE_CODE = YES;
				CLANG_WARN__DUPLICATE_METHOD_MATCH = YES;
				COPY_PHASE_STRIP = NO;
				DEBUG_INFORMATION_FORMAT = "dwarf-with-dsym";
				ENABLE_NS_ASSERTIONS = NO;
				ENABLE_STRICT_OBJC_MSGSEND = YES;
				GCC_C_LANGUAGE_STANDARD = gnu11;
				GCC_NO_COMMON_BLOCKS = YES;
				GCC_WARN_64_TO_32_BIT_CONVERSION = YES;
				GCC_WARN_ABOUT_RETURN_TYPE = YES_ERROR;
				GCC_WARN_UNDECLARED_SELECTOR = YES;
				GCC_WARN_UNINITIALIZED_AUTOS = YES_AGGRESSIVE;
				GCC_WARN_UNUSED_FUNCTION = YES;
				GCC_WARN_UNUSED_VARIABLE = YES;
				IPHONEOS_DEPLOYMENT_TARGET = 15.4;
				MTL_ENABLE_DEBUG_INFO = NO;
				MTL_FAST_MATH = YES;
				SDKROOT = iphoneos;
				SWIFT_COMPILATION_MODE = wholemodule;
				SWIFT_OPTIMIZATION_LEVEL = "-O";
				VALIDATE_PRODUCT = YES;
			};
			name = Release;
		};
		0B9A48DF292DAE5A00F65C33 /* Debug */ = {
			isa = XCBuildConfiguration;
			buildSettings = {
				ASSETCATALOG_COMPILER_APPICON_NAME = AppIcon;
				ASSETCATALOG_COMPILER_GLOBAL_ACCENT_COLOR_NAME = AccentColor;
				CODE_SIGN_STYLE = Automatic;
				CURRENT_PROJECT_VERSION = 1;
				DEVELOPMENT_ASSET_PATHS = "\"Module_5/Preview Content\"";
				ENABLE_PREVIEWS = YES;
				GENERATE_INFOPLIST_FILE = YES;
				INFOPLIST_KEY_UIApplicationSceneManifest_Generation = YES;
				INFOPLIST_KEY_UIApplicationSupportsIndirectInputEvents = YES;
				INFOPLIST_KEY_UILaunchScreen_Generation = YES;
				INFOPLIST_KEY_UISupportedInterfaceOrientations_iPad = "UIInterfaceOrientationPortrait UIInterfaceOrientationPortraitUpsideDown UIInterfaceOrientationLandscapeLeft UIInterfaceOrientationLandscapeRight";
				INFOPLIST_KEY_UISupportedInterfaceOrientations_iPhone = "UIInterfaceOrientationPortrait UIInterfaceOrientationLandscapeLeft UIInterfaceOrientationLandscapeRight";
				LD_RUNPATH_SEARCH_PATHS = (
					"$(inherited)",
					"@executable_path/Frameworks",
				);
				MARKETING_VERSION = 1.0;
				PRODUCT_BUNDLE_IDENTIFIER = "com.Module-5";
				PRODUCT_NAME = "$(TARGET_NAME)";
				SWIFT_EMIT_LOC_STRINGS = YES;
				SWIFT_VERSION = 5.0;
				TARGETED_DEVICE_FAMILY = "1,2";
			};
			name = Debug;
		};
		0B9A48E0292DAE5A00F65C33 /* Release */ = {
			isa = XCBuildConfiguration;
			buildSettings = {
				ASSETCATALOG_COMPILER_APPICON_NAME = AppIcon;
				ASSETCATALOG_COMPILER_GLOBAL_ACCENT_COLOR_NAME = AccentColor;
				CODE_SIGN_STYLE = Automatic;
				CURRENT_PROJECT_VERSION = 1;
				DEVELOPMENT_ASSET_PATHS = "\"Module_5/Preview Content\"";
				ENABLE_PREVIEWS = YES;
				GENERATE_INFOPLIST_FILE = YES;
				INFOPLIST_KEY_UIApplicationSceneManifest_Generation = YES;
				INFOPLIST_KEY_UIApplicationSupportsIndirectInputEvents = YES;
				INFOPLIST_KEY_UILaunchScreen_Generation = YES;
				INFOPLIST_KEY_UISupportedInterfaceOrientations_iPad = "UIInterfaceOrientationPortrait UIInterfaceOrientationPortraitUpsideDown UIInterfaceOrientationLandscapeLeft UIInterfaceOrientationLandscapeRight";
				INFOPLIST_KEY_UISupportedInterfaceOrientations_iPhone = "UIInterfaceOrientationPortrait UIInterfaceOrientationLandscapeLeft UIInterfaceOrientationLandscapeRight";
				LD_RUNPATH_SEARCH_PATHS = (
					"$(inherited)",
					"@executable_path/Frameworks",
				);
				MARKETING_VERSION = 1.0;
				PRODUCT_BUNDLE_IDENTIFIER = "com.Module-5";
				PRODUCT_NAME = "$(TARGET_NAME)";
				SWIFT_EMIT_LOC_STRINGS = YES;
				SWIFT_VERSION = 5.0;
				TARGETED_DEVICE_FAMILY = "1,2";
			};
			name = Release;
		};
/* End XCBuildConfiguration section */

/* Begin XCConfigurationList section */
		0B9A48CB292DAE5A00F65C33 /* Build configuration list for PBXProject "Module_5" */ = {
			isa = XCConfigurationList;
			buildConfigurations = (
				0B9A48DC292DAE5A00F65C33 /* Debug */,
				0B9A48DD292DAE5A00F65C33 /* Release */,
			);
			defaultConfigurationIsVisible = 0;
			defaultConfigurationName = Release;
		};
		0B9A48DE292DAE5A00F65C33 /* Build configuration list for PBXNativeTarget "Module_5" */ = {
			isa = XCConfigurationList;
			buildConfigurations = (
				0B9A48DF292DAE5A00F65C33 /* Debug */,
				0B9A48E0292DAE5A00F65C33 /* Release */,
			);
			defaultConfigurationIsVisible = 0;
			defaultConfigurationName = Release;
		};
/* End XCConfigurationList section */
	};
	rootObject = 0B9A48C8292DAE5A00F65C33 /* Project object */;
}
